{
  "name": "embsim",
  "lockfileVersion": 3,
  "requires": true,
  "packages": {
    "": {
      "name": "embsim",
      "devDependencies": {
        "vibes": "github:RileyMcCarthy/vibes"
      }
    },
    "node_modules/vibes": {
      "version": "0.1.0",
      "resolved": "git+ssh://git@github.com/RileyMcCarthy/vibes.git#9c51076ee5bac0e13af832c1bd56552227f44d41",
      "integrity": "sha512-D4nz2edL+G1FG711SLL0dyrJGxtaZw3HlSIKxpJMAX+SrRDNPcPNVcaOR8M0JdFRjF4IN09N3zBLoell0OkfyA==",
      "dev": true,
      "bin": {
        "vibes": "bin/vibes.mjs"
      },
      "engines": {
        "node": ">=20"
      }
    }
  }
}
