{
  "name": "embsim",
  "lockfileVersion": 3,
  "requires": true,
  "packages": {
    "": {
      "name": "embsim",
      "devDependencies": {
        "vibes": "github:RileyMcCarthy/vibes"
      }
    },
    "node_modules/vibes": {
      "version": "0.1.0",
      "resolved": "git+ssh://git@github.com/RileyMcCarthy/vibes.git#33534103eb796644bc62ac0ba5f73122ad0caa6a",
      "dev": true,
      "bin": {
        "vibes": "bin/vibes.mjs"
      },
      "engines": {
        "node": ">=20"
      }
    }
  }
}
