{
  "name": "embsim",
  "lockfileVersion": 3,
  "requires": true,
  "packages": {
    "": {
      "name": "embsim",
      "devDependencies": {
        "vibes": "github:RileyMcCarthy/vibes#e1225c552a523d0ab4be9bce76d80354e7035828"
      }
    },
    "node_modules/pngjs": {
      "version": "7.0.0",
      "resolved": "https://registry.npmjs.org/pngjs/-/pngjs-7.0.0.tgz",
      "integrity": "sha512-LKWqWJRhstyYo9pGvgor/ivk2w94eSjE3RGVuzLGlr3NmD8bf7RcYGze1mNdEHRP6TRP6rMuDHk5t44hnTRyow==",
      "dev": true,
      "license": "MIT",
      "engines": {
        "node": ">=14.19.0"
      }
    },
    "node_modules/vibes": {
      "version": "0.1.0",
      "resolved": "git+https://github.com/RileyMcCarthy/vibes.git#e1225c552a523d0ab4be9bce76d80354e7035828",
      "dev": true,
      "dependencies": {
        "pngjs": "^7.0.0"
      },
      "bin": {
        "vibes": "bin/vibes.mjs"
      },
      "engines": {
        "node": ">=20"
      }
    }
  }
}
